{
	"name": "web",
	"version": "1.0.0",
	"lockfileVersion": 1,
	"requires": true,
	"dependencies": {
		"@11ty/eleventy-plugin-syntaxhighlight": {
			"version": "2.0.3",
			"resolved": "https://registry.npmjs.org/@11ty/eleventy-plugin-syntaxhighlight/-/eleventy-plugin-syntaxhighlight-2.0.3.tgz",
			"integrity": "sha512-tPoNaEawOG1kkOYAvr4fwKaMOXRhNueOH7z5aepA0vjfnGCagUlSbUipvjCcUUOf+nQgfJYW2rwR2g97Vv8/rg==",
			"dev": true,
			"requires": {
				"prismjs": "^1.15.0"
			}
		},
		"@sanity/block-content-to-hyperscript": {
			"version": "2.0.8",
			"resolved": "https://registry.npmjs.org/@sanity/block-content-to-hyperscript/-/block-content-to-hyperscript-2.0.8.tgz",
			"integrity": "sha512-rh1tSxMDHbcCK/7YyHxoK8NLhalNsbc+eYS+OM/4tE0RGq0TIYJqsM0Ifv+8h0ok5zf5vshFcoBf2YNRskdBIg==",
			"dev": true,
			"requires": {
				"@sanity/generate-help-url": "^0.140.0",
				"@sanity/image-url": "^0.140.12",
				"hyperscript": "^2.0.2",
				"object-assign": "^4.1.1"
			}
		},
		"@sanity/block-content-to-markdown": {
			"version": "0.0.5",
			"resolved": "https://registry.npmjs.org/@sanity/block-content-to-markdown/-/block-content-to-markdown-0.0.5.tgz",
			"integrity": "sha512-wnBfusG67TU2+MXcDSNDtEdE5MMYXQ9t5hHtU+0dQ2MUHPbF6FfX0nfX0IvjfNWGpMEniCOtmJR0k71maO9zYA==",
			"dev": true,
			"requires": {
				"@sanity/block-content-to-hyperscript": "^2.0.5"
			}
		},
		"@sanity/generate-help-url": {
			"version": "0.140.0",
			"resolved": "https://registry.npmjs.org/@sanity/generate-help-url/-/generate-help-url-0.140.0.tgz",
			"integrity": "sha512-H/G/WA9S22TXcXST52CIiTsHx3S2hH0gvK7LnI5w76vfKS0obnDPh8jrPg4xeNRYGPuV9MHYRlyERGpRGoo4Qw==",
			"dev": true
		},
		"@sanity/image-url": {
			"version": "0.140.12",
			"resolved": "https://registry.npmjs.org/@sanity/image-url/-/image-url-0.140.12.tgz",
			"integrity": "sha512-/f+k4oibAgWVJ4rytCtvI09Frgl+xQJerYMn8CnBLofJEDq/3zHB+YBwS53ffCIHDpi/I5FL70zBGtUx64ZAnA==",
			"dev": true
		},
		"argparse": {
			"version": "1.0.10",
			"resolved": "https://registry.npmjs.org/argparse/-/argparse-1.0.10.tgz",
			"integrity": "sha512-o5Roy6tNG4SL/FOkCAN6RzjiakZS25RLYFrcMttJqbdd8BWrnA+fGz57iN5Pb06pvBGvl5gQ0B48dJlslXvoTg==",
			"dev": true,
			"requires": {
				"sprintf-js": "~1.0.2"
			}
		},
		"browser-split": {
			"version": "0.0.0",
			"resolved": "https://registry.npmjs.org/browser-split/-/browser-split-0.0.0.tgz",
			"integrity": "sha1-QUGcrvdpdVkp3VGJZ9PuwKYmJ3E=",
			"dev": true
		},
		"class-list": {
			"version": "0.1.1",
			"resolved": "https://registry.npmjs.org/class-list/-/class-list-0.1.1.tgz",
			"integrity": "sha1-m5dFGSxBebXaCg12M2WOPHDXlss=",
			"dev": true,
			"requires": {
				"indexof": "0.0.1"
			}
		},
		"clipboard": {
			"version": "2.0.4",
			"resolved": "https://registry.npmjs.org/clipboard/-/clipboard-2.0.4.tgz",
			"integrity": "sha512-Vw26VSLRpJfBofiVaFb/I8PVfdI1OxKcYShe6fm0sP/DtmiWQNCjhM/okTvdCo0G+lMMm1rMYbk4IK4x1X+kgQ==",
			"dev": true,
			"optional": true,
			"requires": {
				"good-listener": "^1.2.2",
				"select": "^1.1.2",
				"tiny-emitter": "^2.0.0"
			}
		},
		"delegate": {
			"version": "3.2.0",
			"resolved": "https://registry.npmjs.org/delegate/-/delegate-3.2.0.tgz",
			"integrity": "sha512-IofjkYBZaZivn0V8nnsMJGBr4jVLxHDheKSW88PyxS5QC4Vo9ZbZVvhzlSxY87fVq3STR6r+4cGepyHkcWOQSw==",
			"dev": true,
			"optional": true
		},
		"dotenv": {
			"version": "8.1.0",
			"resolved": "https://registry.npmjs.org/dotenv/-/dotenv-8.1.0.tgz",
			"integrity": "sha512-GUE3gqcDCaMltj2++g6bRQ5rBJWtkWTmqmD0fo1RnnMuUqHNCt2oTPeDnS9n6fKYvlhn7AeBkb38lymBtWBQdA==",
			"dev": true
		},
		"entities": {
			"version": "1.1.2",
			"resolved": "https://registry.npmjs.org/entities/-/entities-1.1.2.tgz",
			"integrity": "sha512-f2LZMYl1Fzu7YSBKg+RoROelpOaNrcGmE9AZubeDfrCEia483oW4MI4VyFd5VNHIgQ/7qm1I0wUHK1eJnn2y2w==",
			"dev": true
		},
		"good-listener": {
			"version": "1.2.2",
			"resolved": "https://registry.npmjs.org/good-listener/-/good-listener-1.2.2.tgz",
			"integrity": "sha1-1TswzfkxPf+33JoNR3CWqm0UXFA=",
			"dev": true,
			"optional": true,
			"requires": {
				"delegate": "^3.1.2"
			}
		},
		"html-element": {
			"version": "2.3.0",
			"resolved": "https://registry.npmjs.org/html-element/-/html-element-2.3.0.tgz",
			"integrity": "sha512-axsAv89JAxk/zSSOn+jK5dJ1eAUVSkienyIcruAe/kD5skC/E/HxjFfCfNYv8+A9m7BXR9kfL4ZD1ZobUfUWzQ==",
			"dev": true,
			"requires": {
				"class-list": "~0.1.1"
			}
		},
		"hyperscript": {
			"version": "2.0.2",
			"resolved": "https://registry.npmjs.org/hyperscript/-/hyperscript-2.0.2.tgz",
			"integrity": "sha1-ODnLpFVUvf4nu4HCFC0WhPgTWvU=",
			"dev": true,
			"requires": {
				"browser-split": "0.0.0",
				"class-list": "~0.1.0",
				"html-element": "^2.0.0"
			}
		},
		"indexof": {
			"version": "0.0.1",
			"resolved": "https://registry.npmjs.org/indexof/-/indexof-0.0.1.tgz",
			"integrity": "sha1-gtwzbSMrkGIXnQWrMpOmYFn9Q10=",
			"dev": true
		},
		"linkify-it": {
			"version": "2.1.0",
			"resolved": "https://registry.npmjs.org/linkify-it/-/linkify-it-2.1.0.tgz",
			"integrity": "sha512-4REs8/062kV2DSHxNfq5183zrqXMl7WP0WzABH9IeJI+NLm429FgE1PDecltYfnOoFDFlZGh2T8PfZn0r+GTRg==",
			"dev": true,
			"requires": {
				"uc.micro": "^1.0.1"
			}
		},
		"markdown-it": {
			"version": "8.4.2",
			"resolved": "https://registry.npmjs.org/markdown-it/-/markdown-it-8.4.2.tgz",
			"integrity": "sha512-GcRz3AWTqSUphY3vsUqQSFMbgR38a4Lh3GWlHRh/7MRwz8mcu9n2IO7HOh+bXHrR9kOPDl5RNCaEsrneb+xhHQ==",
			"dev": true,
			"requires": {
				"argparse": "^1.0.7",
				"entities": "~1.1.1",
				"linkify-it": "^2.0.0",
				"mdurl": "^1.0.1",
				"uc.micro": "^1.0.5"
			}
		},
		"markdown-it-anchor": {
			"version": "5.2.4",
			"resolved": "https://registry.npmjs.org/markdown-it-anchor/-/markdown-it-anchor-5.2.4.tgz",
			"integrity": "sha512-n8zCGjxA3T+Mx1pG8HEgbJbkB8JFUuRkeTZQuIM8iPY6oQ8sWOPRZJDFC9a/pNg2QkHEjjGkhBEl/RSyzaDZ3A==",
			"dev": true
		},
		"mdurl": {
			"version": "1.0.1",
			"resolved": "https://registry.npmjs.org/mdurl/-/mdurl-1.0.1.tgz",
			"integrity": "sha1-/oWy7HWlkDfyrf7BAP1sYBdhFS4=",
			"dev": true
		},
		"object-assign": {
			"version": "4.1.1",
			"resolved": "https://registry.npmjs.org/object-assign/-/object-assign-4.1.1.tgz",
			"integrity": "sha1-IQmtx5ZYh8/AXLvUQsrIv7s2CGM=",
			"dev": true
		},
		"prismjs": {
			"version": "1.16.0",
			"resolved": "https://registry.npmjs.org/prismjs/-/prismjs-1.16.0.tgz",
			"integrity": "sha512-OA4MKxjFZHSvZcisLGe14THYsug/nF6O1f0pAJc0KN0wTyAcLqmsbE+lTGKSpyh+9pEW57+k6pg2AfYR+coyHA==",
			"dev": true,
			"requires": {
				"clipboard": "^2.0.0"
			}
		},
		"select": {
			"version": "1.1.2",
			"resolved": "https://registry.npmjs.org/select/-/select-1.1.2.tgz",
			"integrity": "sha1-DnNQrN7ICxEIUoeG7B1EGNEbOW0=",
			"dev": true,
			"optional": true
		},
		"sprintf-js": {
			"version": "1.0.3",
			"resolved": "https://registry.npmjs.org/sprintf-js/-/sprintf-js-1.0.3.tgz",
			"integrity": "sha1-BOaSb2YolTVPPdAVIDYzuFcpfiw=",
			"dev": true
		},
		"tiny-emitter": {
			"version": "2.1.0",
			"resolved": "https://registry.npmjs.org/tiny-emitter/-/tiny-emitter-2.1.0.tgz",
			"integrity": "sha512-NB6Dk1A9xgQPMoGqC5CVXn123gWyte215ONT5Pp5a0yt4nlEoO1ZWeCwpncaekPHXO60i47ihFnZPiRPjRMq4Q==",
			"dev": true,
			"optional": true
		},
		"uc.micro": {
			"version": "1.0.6",
			"resolved": "https://registry.npmjs.org/uc.micro/-/uc.micro-1.0.6.tgz",
			"integrity": "sha512-8Y75pvTYkLJW2hWQHXxoqRgV7qb9B+9vFEtidML+7koHUFapnVJAZ6cKs+Qjz5Aw3aZWHMC6u0wJE3At+nSGwA==",
			"dev": true
		}
	}
}
